
Microsoft Visual Studio Solution File, Format Version 12.00
# Visual Studio Version 17
VisualStudioVersion = 17.8.34330.188
MinimumVisualStudioVersion = 10.0.40219.1
Project("{FAE04EC0-301F-11D3-BF4B-00C04F79EFBC}") = "SlidePuzzle", "SlidePuzzle\SlidePuzzle.csproj", "{04FCC7BA-267F-42EF-981D-78D5BA137E58}"
EndProject
Global
	GlobalSection(SolutionConfigurationPlatforms) = preSolution
		Debug|Any CPU = Debug|Any CPU
		Release|Any CPU = Release|Any CPU
	EndGlobalSection
	GlobalSection(ProjectConfigurationPlatforms) = postSolution
		{04FCC7BA-267F-42EF-981D-78D5BA137E58}.Debug|Any CPU.ActiveCfg = Debug|Any CPU
		{04FCC7BA-267F-42EF-981D-78D5BA137E58}.Debug|Any CPU.Build.0 = Debug|Any CPU
		{04FCC7BA-267F-42EF-981D-78D5BA137E58}.Release|Any CPU.ActiveCfg = Release|Any CPU
		{04FCC7BA-267F-42EF-981D-78D5BA137E58}.Release|Any CPU.Build.0 = Release|Any CPU
	EndGlobalSection
	GlobalSection(SolutionProperties) = preSolution
		HideSolutionNode = FALSE
	EndGlobalSection
	GlobalSection(ExtensibilityGlobals) = postSolution
		SolutionGuid = {25B09A06-FD82-4D20-9563-047AFDCC4AD8}
	EndGlobalSection
EndGlobal
