
Microsoft Visual Studio Solution File, Format Version 12.00
# Visual Studio Version 17
VisualStudioVersion = 17.8.34330.188
MinimumVisualStudioVersion = 10.0.40219.1
Project("{FAE04EC0-301F-11D3-BF4B-00C04F79EFBC}") = "GameCharClass", "GameCharClass\GameCharClass.csproj", "{14811D9E-33B3-4C8D-8AA8-D498C1D99DF6}"
EndProject
Global
	GlobalSection(SolutionConfigurationPlatforms) = preSolution
		Debug|Any CPU = Debug|Any CPU
		Release|Any CPU = Release|Any CPU
	EndGlobalSection
	GlobalSection(ProjectConfigurationPlatforms) = postSolution
		{14811D9E-33B3-4C8D-8AA8-D498C1D99DF6}.Debug|Any CPU.ActiveCfg = Debug|Any CPU
		{14811D9E-33B3-4C8D-8AA8-D498C1D99DF6}.Debug|Any CPU.Build.0 = Debug|Any CPU
		{14811D9E-33B3-4C8D-8AA8-D498C1D99DF6}.Release|Any CPU.ActiveCfg = Release|Any CPU
		{14811D9E-33B3-4C8D-8AA8-D498C1D99DF6}.Release|Any CPU.Build.0 = Release|Any CPU
	EndGlobalSection
	GlobalSection(SolutionProperties) = preSolution
		HideSolutionNode = FALSE
	EndGlobalSection
	GlobalSection(ExtensibilityGlobals) = postSolution
		SolutionGuid = {1B772C60-F193-4EC9-80C2-27EF334A77A9}
	EndGlobalSection
EndGlobal
