
Microsoft Visual Studio Solution File, Format Version 12.00
# Visual Studio Version 17
VisualStudioVersion = 17.8.34330.188
MinimumVisualStudioVersion = 10.0.40219.1
Project("{FAE04EC0-301F-11D3-BF4B-00C04F79EFBC}") = "Calculator", "Calculator\Calculator.csproj", "{63759580-A03C-4BB2-B0F1-52A0322D699F}"
EndProject
Global
	GlobalSection(SolutionConfigurationPlatforms) = preSolution
		Debug|Any CPU = Debug|Any CPU
		Release|Any CPU = Release|Any CPU
	EndGlobalSection
	GlobalSection(ProjectConfigurationPlatforms) = postSolution
		{63759580-A03C-4BB2-B0F1-52A0322D699F}.Debug|Any CPU.ActiveCfg = Debug|Any CPU
		{63759580-A03C-4BB2-B0F1-52A0322D699F}.Debug|Any CPU.Build.0 = Debug|Any CPU
		{63759580-A03C-4BB2-B0F1-52A0322D699F}.Release|Any CPU.ActiveCfg = Release|Any CPU
		{63759580-A03C-4BB2-B0F1-52A0322D699F}.Release|Any CPU.Build.0 = Release|Any CPU
	EndGlobalSection
	GlobalSection(SolutionProperties) = preSolution
		HideSolutionNode = FALSE
	EndGlobalSection
	GlobalSection(ExtensibilityGlobals) = postSolution
		SolutionGuid = {C83BC4B9-3AA4-4695-92D0-04126915D166}
	EndGlobalSection
EndGlobal
