
Microsoft Visual Studio Solution File, Format Version 12.00
# Visual Studio Version 17
VisualStudioVersion = 17.8.34330.188
MinimumVisualStudioVersion = 10.0.40219.1
Project("{FAE04EC0-301F-11D3-BF4B-00C04F79EFBC}") = "Monsters", "Monsters\Monsters.csproj", "{643090C7-C9B4-4664-83D9-38A4592F44FC}"
EndProject
Global
	GlobalSection(SolutionConfigurationPlatforms) = preSolution
		Debug|Any CPU = Debug|Any CPU
		Release|Any CPU = Release|Any CPU
	EndGlobalSection
	GlobalSection(ProjectConfigurationPlatforms) = postSolution
		{643090C7-C9B4-4664-83D9-38A4592F44FC}.Debug|Any CPU.ActiveCfg = Debug|Any CPU
		{643090C7-C9B4-4664-83D9-38A4592F44FC}.Debug|Any CPU.Build.0 = Debug|Any CPU
		{643090C7-C9B4-4664-83D9-38A4592F44FC}.Release|Any CPU.ActiveCfg = Release|Any CPU
		{643090C7-C9B4-4664-83D9-38A4592F44FC}.Release|Any CPU.Build.0 = Release|Any CPU
	EndGlobalSection
	GlobalSection(SolutionProperties) = preSolution
		HideSolutionNode = FALSE
	EndGlobalSection
	GlobalSection(ExtensibilityGlobals) = postSolution
		SolutionGuid = {3C9829E4-8A29-476C-8C3A-281A777A36DA}
	EndGlobalSection
EndGlobal
