
Microsoft Visual Studio Solution File, Format Version 12.00
# Visual Studio Version 17
VisualStudioVersion = 17.8.34330.188
MinimumVisualStudioVersion = 10.0.40219.1
Project("{FAE04EC0-301F-11D3-BF4B-00C04F79EFBC}") = "Linkedlist", "Linkedlist\Linkedlist.csproj", "{D09E17B7-09B9-4F89-942B-C02BE17C0E31}"
EndProject
Project("{FAE04EC0-301F-11D3-BF4B-00C04F79EFBC}") = "JosephusProblem", "JosephusProblem\JosephusProblem.csproj", "{396253BA-24ED-4E87-84CE-430720E7659E}"
EndProject
Project("{FAE04EC0-301F-11D3-BF4B-00C04F79EFBC}") = "BalloonPop", "BalloonPop\BalloonPop.csproj", "{82E9F7C6-4FC0-4E7F-A3D0-59B44FD6A9F9}"
EndProject
Global
	GlobalSection(SolutionConfigurationPlatforms) = preSolution
		Debug|Any CPU = Debug|Any CPU
		Release|Any CPU = Release|Any CPU
	EndGlobalSection
	GlobalSection(ProjectConfigurationPlatforms) = postSolution
		{D09E17B7-09B9-4F89-942B-C02BE17C0E31}.Debug|Any CPU.ActiveCfg = Debug|Any CPU
		{D09E17B7-09B9-4F89-942B-C02BE17C0E31}.Debug|Any CPU.Build.0 = Debug|Any CPU
		{D09E17B7-09B9-4F89-942B-C02BE17C0E31}.Release|Any CPU.ActiveCfg = Release|Any CPU
		{D09E17B7-09B9-4F89-942B-C02BE17C0E31}.Release|Any CPU.Build.0 = Release|Any CPU
		{396253BA-24ED-4E87-84CE-430720E7659E}.Debug|Any CPU.ActiveCfg = Debug|Any CPU
		{396253BA-24ED-4E87-84CE-430720E7659E}.Debug|Any CPU.Build.0 = Debug|Any CPU
		{396253BA-24ED-4E87-84CE-430720E7659E}.Release|Any CPU.ActiveCfg = Release|Any CPU
		{396253BA-24ED-4E87-84CE-430720E7659E}.Release|Any CPU.Build.0 = Release|Any CPU
		{82E9F7C6-4FC0-4E7F-A3D0-59B44FD6A9F9}.Debug|Any CPU.ActiveCfg = Debug|Any CPU
		{82E9F7C6-4FC0-4E7F-A3D0-59B44FD6A9F9}.Debug|Any CPU.Build.0 = Debug|Any CPU
		{82E9F7C6-4FC0-4E7F-A3D0-59B44FD6A9F9}.Release|Any CPU.ActiveCfg = Release|Any CPU
		{82E9F7C6-4FC0-4E7F-A3D0-59B44FD6A9F9}.Release|Any CPU.Build.0 = Release|Any CPU
	EndGlobalSection
	GlobalSection(SolutionProperties) = preSolution
		HideSolutionNode = FALSE
	EndGlobalSection
	GlobalSection(ExtensibilityGlobals) = postSolution
		SolutionGuid = {D71D155E-CE31-43F6-8F28-4CFAB4797119}
	EndGlobalSection
EndGlobal
